// !$*UTF8*$!
{
	archiveVersion = 1;
	classes = {
	};
	objectVersion = 46;
	objects = {

/* Begin PBXBuildFile section */
		456AB6251DA59F770083D684 /* AppDelegate.swift in Sources */ = {isa = PBXBuildFile; fileRef = 456AB6241DA59F770083D684 /* AppDelegate.swift */; };
		456AB6271DA59F770083D684 /* ViewController.swift in Sources */ = {isa = PBXBuildFile; fileRef = 456AB6261DA59F770083D684 /* ViewController.swift */; };
		456AB62C1DA59F770083D684 /* Assets.xcassets in Resources */ = {isa = PBXBuildFile; fileRef = 456AB62B1DA59F770083D684 /* Assets.xcassets */; };
		456AB63A1DA59F770083D684 /* TransitMapsTests.swift in Sources */ = {isa = PBXBuildFile; fileRef = 456AB6391DA59F770083D684 /* TransitMapsTests.swift */; };
/* End PBXBuildFile section */

/* Begin PBXContainerItemProxy section */
		456AB6361DA59F770083D684 /* PBXContainerItemProxy */ = {
			isa = PBXContainerItemProxy;
			containerPortal = 456AB6191DA59F770083D684 /* Project object */;
			proxyType = 1;
			remoteGlobalIDString = 456AB6201DA59F770083D684;
			remoteInfo = TransitMaps;
		};
/* End PBXContainerItemProxy section */

/* Begin PBXFileReference section */
		456AB6211DA59F770083D684 /* TransitMaps.app */ = {isa = PBXFileReference; explicitFileType = wrapper.application; includeInIndex = 0; path = TransitMaps.app; sourceTree = BUILT_PRODUCTS_DIR; };
		456AB6241DA59F770083D684 /* AppDelegate.swift */ = {isa = PBXFileReference; lastKnownFileType = sourcecode.swift; path = AppDelegate.swift; sourceTree = "<group>"; };
		456AB6261DA59F770083D684 /* ViewController.swift */ = {isa = PBXFileReference; lastKnownFileType = sourcecode.swift; path = ViewController.swift; sourceTree = "<group>"; };
		456AB62B1DA59F770083D684 /* Assets.xcassets */ = {isa = PBXFileReference; lastKnownFileType = folder.assetcatalog; path = Assets.xcassets; sourceTree = "<group>"; };
		456AB6301DA59F770083D684 /* Info.plist */ = {isa = PBXFileReference; lastKnownFileType = text.plist.xml; path = Info.plist; sourceTree = "<group>"; };
		456AB6351DA59F770083D684 /* TransitMapsTests.xctest */ = {isa = PBXFileReference; explicitFileType = wrapper.cfbundle; includeInIndex = 0; path = TransitMapsTests.xctest; sourceTree = BUILT_PRODUCTS_DIR; };
		456AB6391DA59F770083D684 /* TransitMapsTests.swift */ = {isa = PBXFileReference; lastKnownFileType = sourcecode.swift; path = TransitMapsTests.swift; sourceTree = "<group>"; };
		456AB63B1DA59F770083D684 /* Info.plist */ = {isa = PBXFileReference; lastKnownFileType = text.plist.xml; path = Info.plist; sourceTree = "<group>"; };
/* End PBXFileReference section */

/* Begin PBXFrameworksBuildPhase section */
		456AB61E1DA59F770083D684 /* Frameworks */ = {
			isa = PBXFrameworksBuildPhase;
			buildActionMask = 2147483647;
			files = (
			);
			runOnlyForDeploymentPostprocessing = 0;
		};
		456AB6321DA59F770083D684 /* Frameworks */ = {
			isa = PBXFrameworksBuildPhase;
			buildActionMask = 2147483647;
			files = (
			);
			runOnlyForDeploymentPostprocessing = 0;
		};
/* End PBXFrameworksBuildPhase section */

/* Begin PBXGroup section */
		456AB6181DA59F770083D684 = {
			isa = PBXGroup;
			children = (
				456AB6231DA59F770083D684 /* TransitMaps */,
				456AB6381DA59F770083D684 /* TransitMapsTests */,
				456AB6221DA59F770083D684 /* Products */,
			);
			sourceTree = "<group>";
		};
		456AB6221DA59F770083D684 /* Products */ = {
			isa = PBXGroup;
			children = (
				456AB6211DA59F770083D684 /* TransitMaps.app */,
				456AB6351DA59F770083D684 /* TransitMapsTests.xctest */,
			);
			name = Products;
			sourceTree = "<group>";
		};
		456AB6231DA59F770083D684 /* TransitMaps */ = {
			isa = PBXGroup;
			children = (
				456AB6241DA59F770083D684 /* AppDelegate.swift */,
				456AB6261DA59F770083D684 /* ViewController.swift */,
				456AB62B1DA59F770083D684 /* Assets.xcassets */,
				456AB6301DA59F770083D684 /* Info.plist */,
			);
			path = TransitMaps;
			sourceTree = "<group>";
		};
		456AB6381DA59F770083D684 /* TransitMapsTests */ = {
			isa = PBXGroup;
			children = (
				456AB6391DA59F770083D684 /* TransitMapsTests.swift */,
				456AB63B1DA59F770083D684 /* Info.plist */,
			);
			path = TransitMapsTests;
			sourceTree = "<group>";
		};
/* End PBXGroup section */

/* Begin PBXNativeTarget section */
		456AB6201DA59F770083D684 /* TransitMaps */ = {
			isa = PBXNativeTarget;
			buildConfigurationList = 456AB63E1DA59F770083D684 /* Build configuration list for PBXNativeTarget "TransitMaps" */;
			buildPhases = (
				456AB61D1DA59F770083D684 /* Sources */,
				456AB61E1DA59F770083D684 /* Frameworks */,
				456AB61F1DA59F770083D684 /* Resources */,
			);
			buildRules = (
			);
			dependencies = (
			);
			name = TransitMaps;
			productName = TransitMaps;
			productReference = 456AB6211DA59F770083D684 /* TransitMaps.app */;
			productType = "com.apple.product-type.application";
		};
		456AB6341DA59F770083D684 /* TransitMapsTests */ = {
			isa = PBXNativeTarget;
			buildConfigurationList = 456AB6411DA59F770083D684 /* Build configuration list for PBXNativeTarget "TransitMapsTests" */;
			buildPhases = (
				456AB6311DA59F770083D684 /* Sources */,
				456AB6321DA59F770083D684 /* Frameworks */,
				456AB6331DA59F770083D684 /* Resources */,
			);
			buildRules = (
			);
			dependencies = (
				456AB6371DA59F770083D684 /* PBXTargetDependency */,
			);
			name = TransitMapsTests;
			productName = TransitMapsTests;
			productReference = 456AB6351DA59F770083D684 /* TransitMapsTests.xctest */;
			productType = "com.apple.product-type.bundle.unit-test";
		};
/* End PBXNativeTarget section */

/* Begin PBXProject section */
		456AB6191DA59F770083D684 /* Project object */ = {
			isa = PBXProject;
			attributes = {
				LastSwiftUpdateCheck = 0800;
				LastUpgradeCheck = 0800;
				ORGANIZATIONNAME = "elijah kim";
				TargetAttributes = {
					456AB6201DA59F770083D684 = {
						CreatedOnToolsVersion = 8.0;
						DevelopmentTeam = B73NPF94WV;
						ProvisioningStyle = Automatic;
					};
					456AB6341DA59F770083D684 = {
						CreatedOnToolsVersion = 8.0;
						ProvisioningStyle = Automatic;
						TestTargetID = 456AB6201DA59F770083D684;
					};
				};
			};
			buildConfigurationList = 456AB61C1DA59F770083D684 /* Build configuration list for PBXProject "TransitMaps" */;
			compatibilityVersion = "Xcode 3.2";
			developmentRegion = English;
			hasScannedForEncodings = 0;
			knownRegions = (
				en,
				Base,
			);
			mainGroup = 456AB6181DA59F770083D684;
			productRefGroup = 456AB6221DA59F770083D684 /* Products */;
			projectDirPath = "";
			projectRoot = "";
			targets = (
				456AB6201DA59F770083D684 /* TransitMaps */,
				456AB6341DA59F770083D684 /* TransitMapsTests */,
			);
		};
/* End PBXProject section */

/* Begin PBXResourcesBuildPhase section */
		456AB61F1DA59F770083D684 /* Resources */ = {
			isa = PBXResourcesBuildPhase;
			buildActionMask = 2147483647;
			files = (
				456AB62C1DA59F770083D684 /* Assets.xcassets in Resources */,
			);
			runOnlyForDeploymentPostprocessing = 0;
		};
		456AB6331DA59F770083D684 /* Resources */ = {
			isa = PBXResourcesBuildPhase;
			buildActionMask = 2147483647;
			files = (
			);
			runOnlyForDeploymentPostprocessing = 0;
		};
/* End PBXResourcesBuildPhase section */

/* Begin PBXSourcesBuildPhase section */
		456AB61D1DA59F770083D684 /* Sources */ = {
			isa = PBXSourcesBuildPhase;
			buildActionMask = 2147483647;
			files = (
				456AB6271DA59F770083D684 /* ViewController.swift in Sources */,
				456AB6251DA59F770083D684 /* AppDelegate.swift in Sources */,
			);
			runOnlyForDeploymentPostprocessing = 0;
		};
		456AB6311DA59F770083D684 /* Sources */ = {
			isa = PBXSourcesBuildPhase;
			buildActionMask = 2147483647;
			files = (
				456AB63A1DA59F770083D684 /* TransitMapsTests.swift in Sources */,
			);
			runOnlyForDeploymentPostprocessing = 0;
		};
/* End PBXSourcesBuildPhase section */

/* Begin PBXTargetDependency section */
		456AB6371DA59F770083D684 /* PBXTargetDependency */ = {
			isa = PBXTargetDependency;
			target = 456AB6201DA59F770083D684 /* TransitMaps */;
			targetProxy = 456AB6361DA59F770083D684 /* PBXContainerItemProxy */;
		};
/* End PBXTargetDependency section */

/* Begin XCBuildConfiguration section */
		456AB63C1DA59F770083D684 /* Debug */ = {
			isa = XCBuildConfiguration;
			buildSettings = {
				ALWAYS_SEARCH_USER_PATHS = NO;
				CLANG_ANALYZER_NONNULL = YES;
				CLANG_CXX_LANGUAGE_STANDARD = "gnu++0x";
				CLANG_CXX_LIBRARY = "libc++";
				CLANG_ENABLE_MODULES = YES;
				CLANG_ENABLE_OBJC_ARC = YES;
				CLANG_WARN_BOOL_CONVERSION = YES;
				CLANG_WARN_CONSTANT_CONVERSION = YES;
				CLANG_WARN_DIRECT_OBJC_ISA_USAGE = YES_ERROR;
				CLANG_WARN_DOCUMENTATION_COMMENTS = YES;
				CLANG_WARN_EMPTY_BODY = YES;
				CLANG_WARN_ENUM_CONVERSION = YES;
				CLANG_WARN_INFINITE_RECURSION = YES;
				CLANG_WARN_INT_CONVERSION = YES;
				CLANG_WARN_OBJC_ROOT_CLASS = YES_ERROR;
				CLANG_WARN_SUSPICIOUS_MOVES = YES;
				CLANG_WARN_UNREACHABLE_CODE = YES;
				CLANG_WARN__DUPLICATE_METHOD_MATCH = YES;
				"CODE_SIGN_IDENTITY[sdk=iphoneos*]" = "iPhone Developer";
				COPY_PHASE_STRIP = NO;
				DEBUG_INFORMATION_FORMAT = dwarf;
				ENABLE_STRICT_OBJC_MSGSEND = YES;
				ENABLE_TESTABILITY = YES;
				GCC_C_LANGUAGE_STANDARD = gnu99;
				GCC_DYNAMIC_NO_PIC = NO;
				GCC_NO_COMMON_BLOCKS = YES;
				GCC_OPTIMIZATION_LEVEL = 0;
				GCC_PREPROCESSOR_DEFINITIONS = (
					"DEBUG=1",
					"$(inherited)",
				);
				GCC_WARN_64_TO_32_BIT_CONVERSION = YES;
				GCC_WARN_ABOUT_RETURN_TYPE = YES_ERROR;
				GCC_WARN_UNDECLARED_SELECTOR = YES;
				GCC_WARN_UNINITIALIZED_AUTOS = YES_AGGRESSIVE;
				GCC_WARN_UNUSED_FUNCTION = YES;
				GCC_WARN_UNUSED_VARIABLE = YES;
				IPHONEOS_DEPLOYMENT_TARGET = 10.0;
				MTL_ENABLE_DEBUG_INFO = YES;
				ONLY_ACTIVE_ARCH = YES;
				SDKROOT = iphoneos;
				SWIFT_ACTIVE_COMPILATION_CONDITIONS = DEBUG;
				SWIFT_OPTIMIZATION_LEVEL = "-Onone";
				TARGETED_DEVICE_FAMILY = "1,2";
			};
			name = Debug;
		};
		456AB63D1DA59F770083D684 /* Release */ = {
			isa = XCBuildConfiguration;
			buildSettings = {
				ALWAYS_SEARCH_USER_PATHS = NO;
				CLANG_ANALYZER_NONNULL = YES;
				CLANG_CXX_LANGUAGE_STANDARD = "gnu++0x";
				CLANG_CXX_LIBRARY = "libc++";
				CLANG_ENABLE_MODULES = YES;
				CLANG_ENABLE_OBJC_ARC = YES;
				CLANG_WARN_BOOL_CONVERSION = YES;
				CLANG_WARN_CONSTANT_CONVERSION = YES;
				CLANG_WARN_DIRECT_OBJC_ISA_USAGE = YES_ERROR;
				CLANG_WARN_DOCUMENTATION_COMMENTS = YES;
				CLANG_WARN_EMPTY_BODY = YES;
				CLANG_WARN_ENUM_CONVERSION = YES;
				CLANG_WARN_INFINITE_RECURSION = YES;
				CLANG_WARN_INT_CONVERSION = YES;
				CLANG_WARN_OBJC_ROOT_CLASS = YES_ERROR;
				CLANG_WARN_SUSPICIOUS_MOVES = YES;
				CLANG_WARN_UNREACHABLE_CODE = YES;
				CLANG_WARN__DUPLICATE_METHOD_MATCH = YES;
				"CODE_SIGN_IDENTITY[sdk=iphoneos*]" = "iPhone Developer";
				COPY_PHASE_STRIP = NO;
				DEBUG_INFORMATION_FORMAT = "dwarf-with-dsym";
				ENABLE_NS_ASSERTIONS = NO;
				ENABLE_STRICT_OBJC_MSGSEND = YES;
				GCC_C_LANGUAGE_STANDARD = gnu99;
				GCC_NO_COMMON_BLOCKS = YES;
				GCC_WARN_64_TO_32_BIT_CONVERSION = YES;
				GCC_WARN_ABOUT_RETURN_TYPE = YES_ERROR;
				GCC_WARN_UNDECLARED_SELECTOR = YES;
				GCC_WARN_UNINITIALIZED_AUTOS = YES_AGGRESSIVE;
				GCC_WARN_UNUSED_FUNCTION = YES;
				GCC_WARN_UNUSED_VARIABLE = YES;
				IPHONEOS_DEPLOYMENT_TARGET = 10.0;
				MTL_ENABLE_DEBUG_INFO = NO;
				SDKROOT = iphoneos;
				SWIFT_OPTIMIZATION_LEVEL = "-Owholemodule";
				TARGETED_DEVICE_FAMILY = "1,2";
				VALIDATE_PRODUCT = YES;
			};
			name = Release;
		};
		456AB63F1DA59F770083D684 /* Debug */ = {
			isa = XCBuildConfiguration;
			buildSettings = {
				ASSETCATALOG_COMPILER_APPICON_NAME = AppIcon;
				DEVELOPMENT_TEAM = B73NPF94WV;
				INFOPLIST_FILE = TransitMaps/Info.plist;
				LD_RUNPATH_SEARCH_PATHS = "$(inherited) @executable_path/Frameworks";
				PRODUCT_BUNDLE_IDENTIFIER = com.example.TransitMaps;
				PRODUCT_NAME = "$(TARGET_NAME)";
				SWIFT_VERSION = 3.0;
			};
			name = Debug;
		};
		456AB6401DA59F770083D684 /* Release */ = {
			isa = XCBuildConfiguration;
			buildSettings = {
				ASSETCATALOG_COMPILER_APPICON_NAME = AppIcon;
				DEVELOPMENT_TEAM = B73NPF94WV;
				INFOPLIST_FILE = TransitMaps/Info.plist;
				LD_RUNPATH_SEARCH_PATHS = "$(inherited) @executable_path/Frameworks";
				PRODUCT_BUNDLE_IDENTIFIER = com.example.TransitMaps;
				PRODUCT_NAME = "$(TARGET_NAME)";
				SWIFT_VERSION = 3.0;
			};
			name = Release;
		};
		456AB6421DA59F770083D684 /* Debug */ = {
			isa = XCBuildConfiguration;
			buildSettings = {
				ALWAYS_EMBED_SWIFT_STANDARD_LIBRARIES = YES;
				BUNDLE_LOADER = "$(TEST_HOST)";
				INFOPLIST_FILE = TransitMapsTests/Info.plist;
				LD_RUNPATH_SEARCH_PATHS = "$(inherited) @executable_path/Frameworks @loader_path/Frameworks";
				PRODUCT_BUNDLE_IDENTIFIER = com.example.TransitMapsTests;
				PRODUCT_NAME = "$(TARGET_NAME)";
				SWIFT_VERSION = 3.0;
				TEST_HOST = "$(BUILT_PRODUCTS_DIR)/TransitMaps.app/TransitMaps";
			};
			name = Debug;
		};
		456AB6431DA59F770083D684 /* Release */ = {
			isa = XCBuildConfiguration;
			buildSettings = {
				ALWAYS_EMBED_SWIFT_STANDARD_LIBRARIES = YES;
				BUNDLE_LOADER = "$(TEST_HOST)";
				INFOPLIST_FILE = TransitMapsTests/Info.plist;
				LD_RUNPATH_SEARCH_PATHS = "$(inherited) @executable_path/Frameworks @loader_path/Frameworks";
				PRODUCT_BUNDLE_IDENTIFIER = com.example.TransitMapsTests;
				PRODUCT_NAME = "$(TARGET_NAME)";
				SWIFT_VERSION = 3.0;
				TEST_HOST = "$(BUILT_PRODUCTS_DIR)/TransitMaps.app/TransitMaps";
			};
			name = Release;
		};
/* End XCBuildConfiguration section */

/* Begin XCConfigurationList section */
		456AB61C1DA59F770083D684 /* Build configuration list for PBXProject "TransitMaps" */ = {
			isa = XCConfigurationList;
			buildConfigurations = (
				456AB63C1DA59F770083D684 /* Debug */,
				456AB63D1DA59F770083D684 /* Release */,
			);
			defaultConfigurationIsVisible = 0;
			defaultConfigurationName = Release;
		};
		456AB63E1DA59F770083D684 /* Build configuration list for PBXNativeTarget "TransitMaps" */ = {
			isa = XCConfigurationList;
			buildConfigurations = (
				456AB63F1DA59F770083D684 /* Debug */,
				456AB6401DA59F770083D684 /* Release */,
			);
			defaultConfigurationIsVisible = 0;
		};
		456AB6411DA59F770083D684 /* Build configuration list for PBXNativeTarget "TransitMapsTests" */ = {
			isa = XCConfigurationList;
			buildConfigurations = (
				456AB6421DA59F770083D684 /* Debug */,
				456AB6431DA59F770083D684 /* Release */,
			);
			defaultConfigurationIsVisible = 0;
		};
/* End XCConfigurationList section */
	};
	rootObject = 456AB6191DA59F770083D684 /* Project object */;
}
